Microsoft Visual Studio Solution File, Format Version 12.00
# Visual Studio Version 17
VisualStudioVersion = 17.5.2.0
MinimumVisualStudioVersion = 10.0.40219.1
Project("{FAE04EC0-301F-11D3-BF4B-00C04F79EFBC}") = "EyeSpy", "EyeSpy.csproj", "{EB40F646-38F0-48F8-3183-FE1EFAB8181E}"
EndProject
Global
	GlobalSection(SolutionConfigurationPlatforms) = preSolution
		Debug|Any CPU = Debug|Any CPU
		Release|Any CPU = Release|Any CPU
	EndGlobalSection
	GlobalSection(ProjectConfigurationPlatforms) = postSolution
		{EB40F646-38F0-48F8-3183-FE1EFAB8181E}.Debug|Any CPU.ActiveCfg = Debug|Any CPU
		{EB40F646-38F0-48F8-3183-FE1EFAB8181E}.Debug|Any CPU.Build.0 = Debug|Any CPU
		{EB40F646-38F0-48F8-3183-FE1EFAB8181E}.Release|Any CPU.ActiveCfg = Release|Any CPU
		{EB40F646-38F0-48F8-3183-FE1EFAB8181E}.Release|Any CPU.Build.0 = Release|Any CPU
	EndGlobalSection
	GlobalSection(SolutionProperties) = preSolution
		HideSolutionNode = FALSE
	EndGlobalSection
	GlobalSection(ExtensibilityGlobals) = postSolution
		SolutionGuid = {1D4D49AB-DBB7-4DB6-B6F7-4C47DAD6E224}
	EndGlobalSection
EndGlobal
